// !$*UTF8*$!
{
	archiveVersion = 1;
	classes = {
	};
	objectVersion = 46;
	objects = {

/* Begin PBXBuildFile section */
		B458C867171CEB9B00FB31F8 /* UIKit.framework in Frameworks */ = {isa = PBXBuildFile; fileRef = B458C866171CEB9B00FB31F8 /* UIKit.framework */; };
		B458C869171CEB9B00FB31F8 /* Foundation.framework in Frameworks */ = {isa = PBXBuildFile; fileRef = B458C868171CEB9B00FB31F8 /* Foundation.framework */; };
		B458C86B171CEB9B00FB31F8 /* CoreGraphics.framework in Frameworks */ = {isa = PBXBuildFile; fileRef = B458C86A171CEB9B00FB31F8 /* CoreGraphics.framework */; };
		B458C871171CEB9B00FB31F8 /* InfoPlist.strings in Resources */ = {isa = PBXBuildFile; fileRef = B458C86F171CEB9B00FB31F8 /* InfoPlist.strings */; };
		B458C873171CEB9B00FB31F8 /* main.m in Sources */ = {isa = PBXBuildFile; fileRef = B458C872171CEB9B00FB31F8 /* main.m */; };
		B458C877171CEB9B00FB31F8 /* XYZAppDelegate.m in Sources */ = {isa = PBXBuildFile; fileRef = B458C876171CEB9B00FB31F8 /* XYZAppDelegate.m */; };
		B458C879171CEB9B00FB31F8 /* Default.png in Resources */ = {isa = PBXBuildFile; fileRef = B458C878171CEB9B00FB31F8 /* Default.png */; };
		B458C87B171CEB9B00FB31F8 /* Default@2x.png in Resources */ = {isa = PBXBuildFile; fileRef = B458C87A171CEB9B00FB31F8 /* Default@2x.png */; };
		B458C87D171CEB9B00FB31F8 /* Default-568h@2x.png in Resources */ = {isa = PBXBuildFile; fileRef = B458C87C171CEB9B00FB31F8 /* Default-568h@2x.png */; };
		B458C880171CEB9B00FB31F8 /* MainStoryboard.storyboard in Resources */ = {isa = PBXBuildFile; fileRef = B458C87E171CEB9B00FB31F8 /* MainStoryboard.storyboard */; };
		B458C883171CEB9B00FB31F8 /* XYZFirstViewController.m in Sources */ = {isa = PBXBuildFile; fileRef = B458C882171CEB9B00FB31F8 /* XYZFirstViewController.m */; };
		B458C885171CEB9B00FB31F8 /* first.png in Resources */ = {isa = PBXBuildFile; fileRef = B458C884171CEB9B00FB31F8 /* first.png */; };
		B458C887171CEB9B00FB31F8 /* first@2x.png in Resources */ = {isa = PBXBuildFile; fileRef = B458C886171CEB9B00FB31F8 /* first@2x.png */; };
		B458C88A171CEB9B00FB31F8 /* XYZSecondViewController.m in Sources */ = {isa = PBXBuildFile; fileRef = B458C889171CEB9B00FB31F8 /* XYZSecondViewController.m */; };
		B458C88C171CEB9B00FB31F8 /* second.png in Resources */ = {isa = PBXBuildFile; fileRef = B458C88B171CEB9B00FB31F8 /* second.png */; };
		B458C88E171CEB9B00FB31F8 /* second@2x.png in Resources */ = {isa = PBXBuildFile; fileRef = B458C88D171CEB9B00FB31F8 /* second@2x.png */; };
/* End PBXBuildFile section */

/* Begin PBXFileReference section */
		B458C863171CEB9B00FB31F8 /* SimpleApp.app */ = {isa = PBXFileReference; explicitFileType = wrapper.application; includeInIndex = 0; path = SimpleApp.app; sourceTree = BUILT_PRODUCTS_DIR; };
		B458C866171CEB9B00FB31F8 /* UIKit.framework */ = {isa = PBXFileReference; lastKnownFileType = wrapper.framework; name = UIKit.framework; path = System/Library/Frameworks/UIKit.framework; sourceTree = SDKROOT; };
		B458C868171CEB9B00FB31F8 /* Foundation.framework */ = {isa = PBXFileReference; lastKnownFileType = wrapper.framework; name = Foundation.framework; path = System/Library/Frameworks/Foundation.framework; sourceTree = SDKROOT; };
		B458C86A171CEB9B00FB31F8 /* CoreGraphics.framework */ = {isa = PBXFileReference; lastKnownFileType = wrapper.framework; name = CoreGraphics.framework; path = System/Library/Frameworks/CoreGraphics.framework; sourceTree = SDKROOT; };
		B458C86E171CEB9B00FB31F8 /* SimpleApp-Info.plist */ = {isa = PBXFileReference; lastKnownFileType = text.plist.xml; path = "SimpleApp-Info.plist"; sourceTree = "<group>"; };
		B458C870171CEB9B00FB31F8 /* en */ = {isa = PBXFileReference; lastKnownFileType = text.plist.strings; name = en; path = en.lproj/InfoPlist.strings; sourceTree = "<group>"; };
		B458C872171CEB9B00FB31F8 /* main.m */ = {isa = PBXFileReference; lastKnownFileType = sourcecode.c.objc; path = main.m; sourceTree = "<group>"; };
		B458C874171CEB9B00FB31F8 /* SimpleApp-Prefix.pch */ = {isa = PBXFileReference; lastKnownFileType = sourcecode.c.h; path = "SimpleApp-Prefix.pch"; sourceTree = "<group>"; };
		B458C875171CEB9B00FB31F8 /* XYZAppDelegate.h */ = {isa = PBXFileReference; lastKnownFileType = sourcecode.c.h; path = XYZAppDelegate.h; sourceTree = "<group>"; };
		B458C876171CEB9B00FB31F8 /* XYZAppDelegate.m */ = {isa = PBXFileReference; lastKnownFileType = sourcecode.c.objc; path = XYZAppDelegate.m; sourceTree = "<group>"; };
		B458C878171CEB9B00FB31F8 /* Default.png */ = {isa = PBXFileReference; lastKnownFileType = image.png; path = Default.png; sourceTree = "<group>"; };
		B458C87A171CEB9B00FB31F8 /* Default@2x.png */ = {isa = PBXFileReference; lastKnownFileType = image.png; path = "Default@2x.png"; sourceTree = "<group>"; };
		B458C87C171CEB9B00FB31F8 /* Default-568h@2x.png */ = {isa = PBXFileReference; lastKnownFileType = image.png; path = "Default-568h@2x.png"; sourceTree = "<group>"; };
		B458C87F171CEB9B00FB31F8 /* en */ = {isa = PBXFileReference; lastKnownFileType = file.storyboard; name = en; path = en.lproj/MainStoryboard.storyboard; sourceTree = "<group>"; };
		B458C881171CEB9B00FB31F8 /* XYZFirstViewController.h */ = {isa = PBXFileReference; lastKnownFileType = sourcecode.c.h; path = XYZFirstViewController.h; sourceTree = "<group>"; };
		B458C882171CEB9B00FB31F8 /* XYZFirstViewController.m */ = {isa = PBXFileReference; lastKnownFileType = sourcecode.c.objc; path = XYZFirstViewController.m; sourceTree = "<group>"; };
		B458C884171CEB9B00FB31F8 /* first.png */ = {isa = PBXFileReference; lastKnownFileType = image.png; path = first.png; sourceTree = "<group>"; };
		B458C886171CEB9B00FB31F8 /* first@2x.png */ = {isa = PBXFileReference; lastKnownFileType = image.png; path = "first@2x.png"; sourceTree = "<group>"; };
		B458C888171CEB9B00FB31F8 /* XYZSecondViewController.h */ = {isa = PBXFileReference; lastKnownFileType = sourcecode.c.h; path = XYZSecondViewController.h; sourceTree = "<group>"; };
		B458C889171CEB9B00FB31F8 /* XYZSecondViewController.m */ = {isa = PBXFileReference; lastKnownFileType = sourcecode.c.objc; path = XYZSecondViewController.m; sourceTree = "<group>"; };
		B458C88B171CEB9B00FB31F8 /* second.png */ = {isa = PBXFileReference; lastKnownFileType = image.png; path = second.png; sourceTree = "<group>"; };
		B458C88D171CEB9B00FB31F8 /* second@2x.png */ = {isa = PBXFileReference; lastKnownFileType = image.png; path = "second@2x.png"; sourceTree = "<group>"; };
/* End PBXFileReference section */

/* Begin PBXFrameworksBuildPhase section */
		B458C860171CEB9B00FB31F8 /* Frameworks */ = {
			isa = PBXFrameworksBuildPhase;
			buildActionMask = 2147483647;
			files = (
				B458C867171CEB9B00FB31F8 /* UIKit.framework in Frameworks */,
				B458C869171CEB9B00FB31F8 /* Foundation.framework in Frameworks */,
				B458C86B171CEB9B00FB31F8 /* CoreGraphics.framework in Frameworks */,
			);
			runOnlyForDeploymentPostprocessing = 0;
		};
/* End PBXFrameworksBuildPhase section */

/* Begin PBXGroup section */
		B458C85A171CEB9B00FB31F8 = {
			isa = PBXGroup;
			children = (
				B458C86C171CEB9B00FB31F8 /* SimpleApp */,
				B458C865171CEB9B00FB31F8 /* Frameworks */,
				B458C864171CEB9B00FB31F8 /* Products */,
			);
			sourceTree = "<group>";
		};
		B458C864171CEB9B00FB31F8 /* Products */ = {
			isa = PBXGroup;
			children = (
				B458C863171CEB9B00FB31F8 /* SimpleApp.app */,
			);
			name = Products;
			sourceTree = "<group>";
		};
		B458C865171CEB9B00FB31F8 /* Frameworks */ = {
			isa = PBXGroup;
			children = (
				B458C866171CEB9B00FB31F8 /* UIKit.framework */,
				B458C868171CEB9B00FB31F8 /* Foundation.framework */,
				B458C86A171CEB9B00FB31F8 /* CoreGraphics.framework */,
			);
			name = Frameworks;
			sourceTree = "<group>";
		};
		B458C86C171CEB9B00FB31F8 /* SimpleApp */ = {
			isa = PBXGroup;
			children = (
				B458C875171CEB9B00FB31F8 /* XYZAppDelegate.h */,
				B458C876171CEB9B00FB31F8 /* XYZAppDelegate.m */,
				B458C87E171CEB9B00FB31F8 /* MainStoryboard.storyboard */,
				B458C881171CEB9B00FB31F8 /* XYZFirstViewController.h */,
				B458C882171CEB9B00FB31F8 /* XYZFirstViewController.m */,
				B458C884171CEB9B00FB31F8 /* first.png */,
				B458C886171CEB9B00FB31F8 /* first@2x.png */,
				B458C888171CEB9B00FB31F8 /* XYZSecondViewController.h */,
				B458C889171CEB9B00FB31F8 /* XYZSecondViewController.m */,
				B458C88B171CEB9B00FB31F8 /* second.png */,
				B458C88D171CEB9B00FB31F8 /* second@2x.png */,
				B458C86D171CEB9B00FB31F8 /* Supporting Files */,
			);
			path = SimpleApp;
			sourceTree = "<group>";
		};
		B458C86D171CEB9B00FB31F8 /* Supporting Files */ = {
			isa = PBXGroup;
			children = (
				B458C86E171CEB9B00FB31F8 /* SimpleApp-Info.plist */,
				B458C86F171CEB9B00FB31F8 /* InfoPlist.strings */,
				B458C872171CEB9B00FB31F8 /* main.m */,
				B458C874171CEB9B00FB31F8 /* SimpleApp-Prefix.pch */,
				B458C878171CEB9B00FB31F8 /* Default.png */,
				B458C87A171CEB9B00FB31F8 /* Default@2x.png */,
				B458C87C171CEB9B00FB31F8 /* Default-568h@2x.png */,
			);
			name = "Supporting Files";
			sourceTree = "<group>";
		};
/* End PBXGroup section */

/* Begin PBXNativeTarget section */
		B458C862171CEB9B00FB31F8 /* SimpleApp */ = {
			isa = PBXNativeTarget;
			buildConfigurationList = B458C891171CEB9B00FB31F8 /* Build configuration list for PBXNativeTarget "SimpleApp" */;
			buildPhases = (
				B458C85F171CEB9B00FB31F8 /* Sources */,
				B458C860171CEB9B00FB31F8 /* Frameworks */,
				B458C861171CEB9B00FB31F8 /* Resources */,
			);
			buildRules = (
			);
			dependencies = (
			);
			name = SimpleApp;
			productName = SimpleApp;
			productReference = B458C863171CEB9B00FB31F8 /* SimpleApp.app */;
			productType = "com.apple.product-type.application";
		};
/* End PBXNativeTarget section */

/* Begin PBXProject section */
		B458C85B171CEB9B00FB31F8 /* Project object */ = {
			isa = PBXProject;
			attributes = {
				CLASSPREFIX = XYZ;
				LastUpgradeCheck = 0460;
				ORGANIZATIONNAME = "Shawn Adams";
			};
			buildConfigurationList = B458C85E171CEB9B00FB31F8 /* Build configuration list for PBXProject "SimpleApp" */;
			compatibilityVersion = "Xcode 3.2";
			developmentRegion = English;
			hasScannedForEncodings = 0;
			knownRegions = (
				en,
			);
			mainGroup = B458C85A171CEB9B00FB31F8;
			productRefGroup = B458C864171CEB9B00FB31F8 /* Products */;
			projectDirPath = "";
			projectRoot = "";
			targets = (
				B458C862171CEB9B00FB31F8 /* SimpleApp */,
			);
		};
/* End PBXProject section */

/* Begin PBXResourcesBuildPhase section */
		B458C861171CEB9B00FB31F8 /* Resources */ = {
			isa = PBXResourcesBuildPhase;
			buildActionMask = 2147483647;
			files = (
				B458C871171CEB9B00FB31F8 /* InfoPlist.strings in Resources */,
				B458C879171CEB9B00FB31F8 /* Default.png in Resources */,
				B458C87B171CEB9B00FB31F8 /* Default@2x.png in Resources */,
				B458C87D171CEB9B00FB31F8 /* Default-568h@2x.png in Resources */,
				B458C880171CEB9B00FB31F8 /* MainStoryboard.storyboard in Resources */,
				B458C885171CEB9B00FB31F8 /* first.png in Resources */,
				B458C887171CEB9B00FB31F8 /* first@2x.png in Resources */,
				B458C88C171CEB9B00FB31F8 /* second.png in Resources */,
				B458C88E171CEB9B00FB31F8 /* second@2x.png in Resources */,
			);
			runOnlyForDeploymentPostprocessing = 0;
		};
/* End PBXResourcesBuildPhase section */

/* Begin PBXSourcesBuildPhase section */
		B458C85F171CEB9B00FB31F8 /* Sources */ = {
			isa = PBXSourcesBuildPhase;
			buildActionMask = 2147483647;
			files = (
				B458C873171CEB9B00FB31F8 /* main.m in Sources */,
				B458C877171CEB9B00FB31F8 /* XYZAppDelegate.m in Sources */,
				B458C883171CEB9B00FB31F8 /* XYZFirstViewController.m in Sources */,
				B458C88A171CEB9B00FB31F8 /* XYZSecondViewController.m in Sources */,
			);
			runOnlyForDeploymentPostprocessing = 0;
		};
/* End PBXSourcesBuildPhase section */

/* Begin PBXVariantGroup section */
		B458C86F171CEB9B00FB31F8 /* InfoPlist.strings */ = {
			isa = PBXVariantGroup;
			children = (
				B458C870171CEB9B00FB31F8 /* en */,
			);
			name = InfoPlist.strings;
			sourceTree = "<group>";
		};
		B458C87E171CEB9B00FB31F8 /* MainStoryboard.storyboard */ = {
			isa = PBXVariantGroup;
			children = (
				B458C87F171CEB9B00FB31F8 /* en */,
			);
			name = MainStoryboard.storyboard;
			sourceTree = "<group>";
		};
/* End PBXVariantGroup section */

/* Begin XCBuildConfiguration section */
		B458C88F171CEB9B00FB31F8 /* Debug */ = {
			isa = XCBuildConfiguration;
			buildSettings = {
				ALWAYS_SEARCH_USER_PATHS = NO;
				CLANG_CXX_LANGUAGE_STANDARD = "gnu++0x";
				CLANG_CXX_LIBRARY = "libc++";
				CLANG_ENABLE_OBJC_ARC = YES;
				CLANG_WARN_CONSTANT_CONVERSION = YES;
				CLANG_WARN_EMPTY_BODY = YES;
				CLANG_WARN_ENUM_CONVERSION = YES;
				CLANG_WARN_INT_CONVERSION = YES;
				CLANG_WARN__DUPLICATE_METHOD_MATCH = YES;
				"CODE_SIGN_IDENTITY[sdk=iphoneos*]" = "iPhone Developer";
				COPY_PHASE_STRIP = NO;
				GCC_C_LANGUAGE_STANDARD = gnu99;
				GCC_DYNAMIC_NO_PIC = NO;
				GCC_OPTIMIZATION_LEVEL = 0;
				GCC_PREPROCESSOR_DEFINITIONS = (
					"DEBUG=1",
					"$(inherited)",
				);
				GCC_SYMBOLS_PRIVATE_EXTERN = NO;
				GCC_WARN_ABOUT_RETURN_TYPE = YES;
				GCC_WARN_UNINITIALIZED_AUTOS = YES;
				GCC_WARN_UNUSED_VARIABLE = YES;
				IPHONEOS_DEPLOYMENT_TARGET = 6.1;
				ONLY_ACTIVE_ARCH = YES;
				SDKROOT = iphoneos;
			};
			name = Debug;
		};
		B458C890171CEB9B00FB31F8 /* Release */ = {
			isa = XCBuildConfiguration;
			buildSettings = {
				ALWAYS_SEARCH_USER_PATHS = NO;
				CLANG_CXX_LANGUAGE_STANDARD = "gnu++0x";
				CLANG_CXX_LIBRARY = "libc++";
				CLANG_ENABLE_OBJC_ARC = YES;
				CLANG_WARN_CONSTANT_CONVERSION = YES;
				CLANG_WARN_EMPTY_BODY = YES;
				CLANG_WARN_ENUM_CONVERSION = YES;
				CLANG_WARN_INT_CONVERSION = YES;
				CLANG_WARN__DUPLICATE_METHOD_MATCH = YES;
				"CODE_SIGN_IDENTITY[sdk=iphoneos*]" = "iPhone Developer";
				COPY_PHASE_STRIP = YES;
				GCC_C_LANGUAGE_STANDARD = gnu99;
				GCC_WARN_ABOUT_RETURN_TYPE = YES;
				GCC_WARN_UNINITIALIZED_AUTOS = YES;
				GCC_WARN_UNUSED_VARIABLE = YES;
				IPHONEOS_DEPLOYMENT_TARGET = 6.1;
				OTHER_CFLAGS = "-DNS_BLOCK_ASSERTIONS=1";
				SDKROOT = iphoneos;
				VALIDATE_PRODUCT = YES;
			};
			name = Release;
		};
		B458C892171CEB9B00FB31F8 /* Debug */ = {
			isa = XCBuildConfiguration;
			buildSettings = {
				GCC_PRECOMPILE_PREFIX_HEADER = YES;
				GCC_PREFIX_HEADER = "SimpleApp/SimpleApp-Prefix.pch";
				INFOPLIST_FILE = "SimpleApp/SimpleApp-Info.plist";
				PRODUCT_NAME = "$(TARGET_NAME)";
				WRAPPER_EXTENSION = app;
			};
			name = Debug;
		};
		B458C893171CEB9B00FB31F8 /* Release */ = {
			isa = XCBuildConfiguration;
			buildSettings = {
				GCC_PRECOMPILE_PREFIX_HEADER = YES;
				GCC_PREFIX_HEADER = "SimpleApp/SimpleApp-Prefix.pch";
				INFOPLIST_FILE = "SimpleApp/SimpleApp-Info.plist";
				PRODUCT_NAME = "$(TARGET_NAME)";
				WRAPPER_EXTENSION = app;
			};
			name = Release;
		};
/* End XCBuildConfiguration section */

/* Begin XCConfigurationList section */
		B458C85E171CEB9B00FB31F8 /* Build configuration list for PBXProject "SimpleApp" */ = {
			isa = XCConfigurationList;
			buildConfigurations = (
				B458C88F171CEB9B00FB31F8 /* Debug */,
				B458C890171CEB9B00FB31F8 /* Release */,
			);
			defaultConfigurationIsVisible = 0;
			defaultConfigurationName = Release;
		};
		B458C891171CEB9B00FB31F8 /* Build configuration list for PBXNativeTarget "SimpleApp" */ = {
			isa = XCConfigurationList;
			buildConfigurations = (
				B458C892171CEB9B00FB31F8 /* Debug */,
				B458C893171CEB9B00FB31F8 /* Release */,
			);
			defaultConfigurationIsVisible = 0;
		};
/* End XCConfigurationList section */
	};
	rootObject = B458C85B171CEB9B00FB31F8 /* Project object */;
}
